
Microsoft Visual Studio Solution File, Format Version 12.00
# Visual Studio 15
VisualStudioVersion = 15.0.26730.16
MinimumVisualStudioVersion = 10.0.40219.1
Project("{FAE04EC0-301F-11D3-BF4B-00C04F79EFBC}") = "HelloGit", "HelloGit.csproj", "{89510CBB-2845-4725-AA6B-A540AE028291}"
EndProject
Global
	GlobalSection(SolutionConfigurationPlatforms) = preSolution
		Debug|Any CPU = Debug|Any CPU
		Release|Any CPU = Release|Any CPU
	EndGlobalSection
	GlobalSection(ProjectConfigurationPlatforms) = postSolution
		{89510CBB-2845-4725-AA6B-A540AE028291}.Debug|Any CPU.ActiveCfg = Debug|Any CPU
		{89510CBB-2845-4725-AA6B-A540AE028291}.Debug|Any CPU.Build.0 = Debug|Any CPU
		{89510CBB-2845-4725-AA6B-A540AE028291}.Release|Any CPU.ActiveCfg = Release|Any CPU
		{89510CBB-2845-4725-AA6B-A540AE028291}.Release|Any CPU.Build.0 = Release|Any CPU
	EndGlobalSection
	GlobalSection(SolutionProperties) = preSolution
		HideSolutionNode = FALSE
	EndGlobalSection
	GlobalSection(ExtensibilityGlobals) = postSolution
		SolutionGuid = {6253DE82-773D-4ADB-82BA-F0BA196A0DA6}
	EndGlobalSection
EndGlobal
